
Microsoft Visual Studio Solution File, Format Version 12.00
# Visual Studio 15
VisualStudioVersion = 15.0.28307.168
MinimumVisualStudioVersion = 10.0.40219.1
Project("{FAE04EC0-301F-11D3-BF4B-00C04F79EFBC}") = "Minesweeper", "Minesweeper\Minesweeper.csproj", "{EE685EF3-D658-47D1-8AFF-9EB2B9B9D111}"
EndProject
Global
	GlobalSection(SolutionConfigurationPlatforms) = preSolution
		Debug|Any CPU = Debug|Any CPU
		Release|Any CPU = Release|Any CPU
	EndGlobalSection
	GlobalSection(ProjectConfigurationPlatforms) = postSolution
		{EE685EF3-D658-47D1-8AFF-9EB2B9B9D111}.Debug|Any CPU.ActiveCfg = Debug|Any CPU
		{EE685EF3-D658-47D1-8AFF-9EB2B9B9D111}.Debug|Any CPU.Build.0 = Debug|Any CPU
		{EE685EF3-D658-47D1-8AFF-9EB2B9B9D111}.Release|Any CPU.ActiveCfg = Release|Any CPU
		{EE685EF3-D658-47D1-8AFF-9EB2B9B9D111}.Release|Any CPU.Build.0 = Release|Any CPU
	EndGlobalSection
	GlobalSection(SolutionProperties) = preSolution
		HideSolutionNode = FALSE
	EndGlobalSection
	GlobalSection(ExtensibilityGlobals) = postSolution
		SolutionGuid = {7DEA6F04-7143-4E50-9224-EB99DB4E5A6D}
	EndGlobalSection
EndGlobal
