
Microsoft Visual Studio Solution File, Format Version 12.00
# Visual Studio Version 16
VisualStudioVersion = 16.0.29503.13
MinimumVisualStudioVersion = 10.0.40219.1
Project("{FAE04EC0-301F-11D3-BF4B-00C04F79EFBC}") = "Generating complex numbers from a circle", "Generating complex numbers from a circle\Generating complex numbers from a circle.csproj", "{6FD81025-55EF-4EAE-9A50-2ADA56E2E11D}"
EndProject
Global
	GlobalSection(SolutionConfigurationPlatforms) = preSolution
		Debug|Any CPU = Debug|Any CPU
		Release|Any CPU = Release|Any CPU
	EndGlobalSection
	GlobalSection(ProjectConfigurationPlatforms) = postSolution
		{6FD81025-55EF-4EAE-9A50-2ADA56E2E11D}.Debug|Any CPU.ActiveCfg = Debug|Any CPU
		{6FD81025-55EF-4EAE-9A50-2ADA56E2E11D}.Debug|Any CPU.Build.0 = Debug|Any CPU
		{6FD81025-55EF-4EAE-9A50-2ADA56E2E11D}.Release|Any CPU.ActiveCfg = Release|Any CPU
		{6FD81025-55EF-4EAE-9A50-2ADA56E2E11D}.Release|Any CPU.Build.0 = Release|Any CPU
	EndGlobalSection
	GlobalSection(SolutionProperties) = preSolution
		HideSolutionNode = FALSE
	EndGlobalSection
	GlobalSection(ExtensibilityGlobals) = postSolution
		SolutionGuid = {E8985C98-7332-4108-A65B-7076A79B5172}
	EndGlobalSection
EndGlobal
