
Microsoft Visual Studio Solution File, Format Version 12.00
# Visual Studio Version 16
VisualStudioVersion = 16.0.29503.13
MinimumVisualStudioVersion = 10.0.40219.1
Project("{FAE04EC0-301F-11D3-BF4B-00C04F79EFBC}") = "Solitaire", "Solitaire\Solitaire.csproj", "{F2FF2D3D-443E-46D2-9904-3C0D7B23EE51}"
EndProject
Global
	GlobalSection(SolutionConfigurationPlatforms) = preSolution
		Debug|Any CPU = Debug|Any CPU
		Release|Any CPU = Release|Any CPU
	EndGlobalSection
	GlobalSection(ProjectConfigurationPlatforms) = postSolution
		{F2FF2D3D-443E-46D2-9904-3C0D7B23EE51}.Debug|Any CPU.ActiveCfg = Debug|Any CPU
		{F2FF2D3D-443E-46D2-9904-3C0D7B23EE51}.Debug|Any CPU.Build.0 = Debug|Any CPU
		{F2FF2D3D-443E-46D2-9904-3C0D7B23EE51}.Release|Any CPU.ActiveCfg = Release|Any CPU
		{F2FF2D3D-443E-46D2-9904-3C0D7B23EE51}.Release|Any CPU.Build.0 = Release|Any CPU
	EndGlobalSection
	GlobalSection(SolutionProperties) = preSolution
		HideSolutionNode = FALSE
	EndGlobalSection
	GlobalSection(ExtensibilityGlobals) = postSolution
		SolutionGuid = {C49AEEE0-08CC-4341-A0EF-9D3B3AC0A38B}
	EndGlobalSection
EndGlobal
