
Microsoft Visual Studio Solution File, Format Version 12.00
# Visual Studio Version 16
VisualStudioVersion = 16.0.29503.13
MinimumVisualStudioVersion = 10.0.40219.1
Project("{FAE04EC0-301F-11D3-BF4B-00C04F79EFBC}") = "Dinosaur Game", "Dinosaur Game\Dinosaur Game.csproj", "{459086A7-6931-45D1-B293-0A46CEA68DAE}"
EndProject
Global
	GlobalSection(SolutionConfigurationPlatforms) = preSolution
		Debug|Any CPU = Debug|Any CPU
		Release|Any CPU = Release|Any CPU
	EndGlobalSection
	GlobalSection(ProjectConfigurationPlatforms) = postSolution
		{459086A7-6931-45D1-B293-0A46CEA68DAE}.Debug|Any CPU.ActiveCfg = Debug|Any CPU
		{459086A7-6931-45D1-B293-0A46CEA68DAE}.Debug|Any CPU.Build.0 = Debug|Any CPU
		{459086A7-6931-45D1-B293-0A46CEA68DAE}.Release|Any CPU.ActiveCfg = Release|Any CPU
		{459086A7-6931-45D1-B293-0A46CEA68DAE}.Release|Any CPU.Build.0 = Release|Any CPU
	EndGlobalSection
	GlobalSection(SolutionProperties) = preSolution
		HideSolutionNode = FALSE
	EndGlobalSection
	GlobalSection(ExtensibilityGlobals) = postSolution
		SolutionGuid = {C6B4E165-86F7-48FC-B7CB-DF88CAF6898D}
	EndGlobalSection
EndGlobal
